Microsoft Visual Studio Solution File, Format Version 12.00
# Visual Studio 2012
Project("{FAE04EC0-301F-11D3-BF4B-00C04F79EFBC}") = "road-to-money", "road-to-money.csproj", "{EA0A03B8-958E-4B1B-B1FE-4D2ECA32B052}"
EndProject
Global
	GlobalSection(SolutionConfigurationPlatforms) = preSolution
	Debug|Any CPU = Debug|Any CPU
	ExportDebug|Any CPU = ExportDebug|Any CPU
	ExportRelease|Any CPU = ExportRelease|Any CPU
	EndGlobalSection
	GlobalSection(ProjectConfigurationPlatforms) = postSolution
		{EA0A03B8-958E-4B1B-B1FE-4D2ECA32B052}.Debug|Any CPU.ActiveCfg = Debug|Any CPU
		{EA0A03B8-958E-4B1B-B1FE-4D2ECA32B052}.Debug|Any CPU.Build.0 = Debug|Any CPU
		{EA0A03B8-958E-4B1B-B1FE-4D2ECA32B052}.ExportDebug|Any CPU.ActiveCfg = ExportDebug|Any CPU
		{EA0A03B8-958E-4B1B-B1FE-4D2ECA32B052}.ExportDebug|Any CPU.Build.0 = ExportDebug|Any CPU
		{EA0A03B8-958E-4B1B-B1FE-4D2ECA32B052}.ExportRelease|Any CPU.ActiveCfg = ExportRelease|Any CPU
		{EA0A03B8-958E-4B1B-B1FE-4D2ECA32B052}.ExportRelease|Any CPU.Build.0 = ExportRelease|Any CPU
	EndGlobalSection
EndGlobal
